
Microsoft Visual Studio Solution File, Format Version 12.00
# Visual Studio Version 17
VisualStudioVersion = 17.8.34309.116
MinimumVisualStudioVersion = 10.0.40219.1
Project("{FAE04EC0-301F-11D3-BF4B-00C04F79EFBC}") = "CRUDMVC", "CRUDMVC\CRUDMVC.csproj", "{BAADD367-EE0B-4274-8F52-19FD5A24EEFE}"
EndProject
Global
	GlobalSection(SolutionConfigurationPlatforms) = preSolution
		Debug|Any CPU = Debug|Any CPU
		Release|Any CPU = Release|Any CPU
	EndGlobalSection
	GlobalSection(ProjectConfigurationPlatforms) = postSolution
		{BAADD367-EE0B-4274-8F52-19FD5A24EEFE}.Debug|Any CPU.ActiveCfg = Debug|Any CPU
		{BAADD367-EE0B-4274-8F52-19FD5A24EEFE}.Debug|Any CPU.Build.0 = Debug|Any CPU
		{BAADD367-EE0B-4274-8F52-19FD5A24EEFE}.Release|Any CPU.ActiveCfg = Release|Any CPU
		{BAADD367-EE0B-4274-8F52-19FD5A24EEFE}.Release|Any CPU.Build.0 = Release|Any CPU
	EndGlobalSection
	GlobalSection(SolutionProperties) = preSolution
		HideSolutionNode = FALSE
	EndGlobalSection
	GlobalSection(ExtensibilityGlobals) = postSolution
		SolutionGuid = {F55FDC7B-DA33-4FEF-B6A7-D8F5825CDBB9}
	EndGlobalSection
EndGlobal
